
Microsoft Visual Studio Solution File, Format Version 12.00
# Visual Studio 15
VisualStudioVersion = 15.0.28307.329
MinimumVisualStudioVersion = 10.0.40219.1
Project("{FAE04EC0-301F-11D3-BF4B-00C04F79EFBC}") = "Pet", "Pet\Pet.csproj", "{0AC5B6B5-8437-4488-88FA-662143F63AC0}"
EndProject
Global
	GlobalSection(SolutionConfigurationPlatforms) = preSolution
		Debug|Any CPU = Debug|Any CPU
		Release|Any CPU = Release|Any CPU
	EndGlobalSection
	GlobalSection(ProjectConfigurationPlatforms) = postSolution
		{0AC5B6B5-8437-4488-88FA-662143F63AC0}.Debug|Any CPU.ActiveCfg = Debug|Any CPU
		{0AC5B6B5-8437-4488-88FA-662143F63AC0}.Debug|Any CPU.Build.0 = Debug|Any CPU
		{0AC5B6B5-8437-4488-88FA-662143F63AC0}.Release|Any CPU.ActiveCfg = Release|Any CPU
		{0AC5B6B5-8437-4488-88FA-662143F63AC0}.Release|Any CPU.Build.0 = Release|Any CPU
	EndGlobalSection
	GlobalSection(SolutionProperties) = preSolution
		HideSolutionNode = FALSE
	EndGlobalSection
	GlobalSection(ExtensibilityGlobals) = postSolution
		SolutionGuid = {0C8DB190-4CC1-406E-A947-04FF2C5756D6}
	EndGlobalSection
EndGlobal
